// !$*UTF8*$!
{
	archiveVersion = 1;
	classes = {
	};
	objectVersion = 46;
	objects = {

/* Begin PBXBuildFile section */
		172545801A6ED6F9005CFC0D /* AppDelegate.swift in Sources */ = {isa = PBXBuildFile; fileRef = 1725457F1A6ED6F9005CFC0D /* AppDelegate.swift */; };
		172545821A6ED6F9005CFC0D /* ViewController.swift in Sources */ = {isa = PBXBuildFile; fileRef = 172545811A6ED6F9005CFC0D /* ViewController.swift */; };
		172545851A6ED6F9005CFC0D /* Main.storyboard in Resources */ = {isa = PBXBuildFile; fileRef = 172545831A6ED6F9005CFC0D /* Main.storyboard */; };
		172545871A6ED6F9005CFC0D /* Images.xcassets in Resources */ = {isa = PBXBuildFile; fileRef = 172545861A6ED6F9005CFC0D /* Images.xcassets */; };
		1725458A1A6ED6F9005CFC0D /* LaunchScreen.xib in Resources */ = {isa = PBXBuildFile; fileRef = 172545881A6ED6F9005CFC0D /* LaunchScreen.xib */; };
		172545961A6ED6F9005CFC0D /* JSONFunTests.swift in Sources */ = {isa = PBXBuildFile; fileRef = 172545951A6ED6F9005CFC0D /* JSONFunTests.swift */; };
		17EDCCAB1A6EDB1B00CF70FF /* GoogleMaps.framework in Frameworks */ = {isa = PBXBuildFile; fileRef = 17EDCCAA1A6EDB1B00CF70FF /* GoogleMaps.framework */; };
		17EDCCAD1A6EDB4C00CF70FF /* GoogleMaps.bundle in Resources */ = {isa = PBXBuildFile; fileRef = 17EDCCAC1A6EDB4C00CF70FF /* GoogleMaps.bundle */; };
		17EDCCAF1A6EDC5C00CF70FF /* AVFoundation.framework in Frameworks */ = {isa = PBXBuildFile; fileRef = 17EDCCAE1A6EDC5C00CF70FF /* AVFoundation.framework */; };
		17EDCCB11A6EDC6400CF70FF /* CoreData.framework in Frameworks */ = {isa = PBXBuildFile; fileRef = 17EDCCB01A6EDC6400CF70FF /* CoreData.framework */; };
		17EDCCB31A6EDC6B00CF70FF /* CoreLocation.framework in Frameworks */ = {isa = PBXBuildFile; fileRef = 17EDCCB21A6EDC6B00CF70FF /* CoreLocation.framework */; };
		17EDCCB51A6EDC7200CF70FF /* CoreText.framework in Frameworks */ = {isa = PBXBuildFile; fileRef = 17EDCCB41A6EDC7200CF70FF /* CoreText.framework */; };
		17EDCCB71A6EDC7900CF70FF /* GLKit.framework in Frameworks */ = {isa = PBXBuildFile; fileRef = 17EDCCB61A6EDC7900CF70FF /* GLKit.framework */; };
		17EDCCB91A6EDC8000CF70FF /* ImageIO.framework in Frameworks */ = {isa = PBXBuildFile; fileRef = 17EDCCB81A6EDC8000CF70FF /* ImageIO.framework */; };
		17EDCCBB1A6EDC8B00CF70FF /* libc++.dylib in Frameworks */ = {isa = PBXBuildFile; fileRef = 17EDCCBA1A6EDC8B00CF70FF /* libc++.dylib */; };
		17EDCCBD1A6EDC9800CF70FF /* libicucore.dylib in Frameworks */ = {isa = PBXBuildFile; fileRef = 17EDCCBC1A6EDC9800CF70FF /* libicucore.dylib */; };
		17EDCCBF1A6EDCA000CF70FF /* libz.dylib in Frameworks */ = {isa = PBXBuildFile; fileRef = 17EDCCBE1A6EDCA000CF70FF /* libz.dylib */; };
		17EDCCC11A6EDCA700CF70FF /* OpenGLES.framework in Frameworks */ = {isa = PBXBuildFile; fileRef = 17EDCCC01A6EDCA700CF70FF /* OpenGLES.framework */; };
		17EDCCC31A6EDCAE00CF70FF /* QuartzCore.framework in Frameworks */ = {isa = PBXBuildFile; fileRef = 17EDCCC21A6EDCAE00CF70FF /* QuartzCore.framework */; };
		17EDCCC51A6EDCB800CF70FF /* SystemConfiguration.framework in Frameworks */ = {isa = PBXBuildFile; fileRef = 17EDCCC41A6EDCB800CF70FF /* SystemConfiguration.framework */; };
/* End PBXBuildFile section */

/* Begin PBXContainerItemProxy section */
		172545901A6ED6F9005CFC0D /* PBXContainerItemProxy */ = {
			isa = PBXContainerItemProxy;
			containerPortal = 172545721A6ED6F8005CFC0D /* Project object */;
			proxyType = 1;
			remoteGlobalIDString = 172545791A6ED6F8005CFC0D;
			remoteInfo = JSONFun;
		};
/* End PBXContainerItemProxy section */

/* Begin PBXFileReference section */
		1725457A1A6ED6F8005CFC0D /* JSONFun.app */ = {isa = PBXFileReference; explicitFileType = wrapper.application; includeInIndex = 0; path = JSONFun.app; sourceTree = BUILT_PRODUCTS_DIR; };
		1725457E1A6ED6F9005CFC0D /* Info.plist */ = {isa = PBXFileReference; lastKnownFileType = text.plist.xml; path = Info.plist; sourceTree = "<group>"; };
		1725457F1A6ED6F9005CFC0D /* AppDelegate.swift */ = {isa = PBXFileReference; lastKnownFileType = sourcecode.swift; path = AppDelegate.swift; sourceTree = "<group>"; };
		172545811A6ED6F9005CFC0D /* ViewController.swift */ = {isa = PBXFileReference; lastKnownFileType = sourcecode.swift; path = ViewController.swift; sourceTree = "<group>"; };
		172545841A6ED6F9005CFC0D /* Base */ = {isa = PBXFileReference; lastKnownFileType = file.storyboard; name = Base; path = Base.lproj/Main.storyboard; sourceTree = "<group>"; };
		172545861A6ED6F9005CFC0D /* Images.xcassets */ = {isa = PBXFileReference; lastKnownFileType = folder.assetcatalog; path = Images.xcassets; sourceTree = "<group>"; };
		172545891A6ED6F9005CFC0D /* Base */ = {isa = PBXFileReference; lastKnownFileType = file.xib; name = Base; path = Base.lproj/LaunchScreen.xib; sourceTree = "<group>"; };
		1725458F1A6ED6F9005CFC0D /* JSONFunTests.xctest */ = {isa = PBXFileReference; explicitFileType = wrapper.cfbundle; includeInIndex = 0; path = JSONFunTests.xctest; sourceTree = BUILT_PRODUCTS_DIR; };
		172545941A6ED6F9005CFC0D /* Info.plist */ = {isa = PBXFileReference; lastKnownFileType = text.plist.xml; path = Info.plist; sourceTree = "<group>"; };
		172545951A6ED6F9005CFC0D /* JSONFunTests.swift */ = {isa = PBXFileReference; lastKnownFileType = sourcecode.swift; path = JSONFunTests.swift; sourceTree = "<group>"; };
		17EDCCAA1A6EDB1B00CF70FF /* GoogleMaps.framework */ = {isa = PBXFileReference; lastKnownFileType = wrapper.framework; name = GoogleMaps.framework; path = ../GoogleMaps.framework; sourceTree = "<group>"; };
		17EDCCAC1A6EDB4C00CF70FF /* GoogleMaps.bundle */ = {isa = PBXFileReference; lastKnownFileType = "wrapper.plug-in"; path = GoogleMaps.bundle; sourceTree = "<group>"; };
		17EDCCAE1A6EDC5C00CF70FF /* AVFoundation.framework */ = {isa = PBXFileReference; lastKnownFileType = wrapper.framework; name = AVFoundation.framework; path = System/Library/Frameworks/AVFoundation.framework; sourceTree = SDKROOT; };
		17EDCCB01A6EDC6400CF70FF /* CoreData.framework */ = {isa = PBXFileReference; lastKnownFileType = wrapper.framework; name = CoreData.framework; path = System/Library/Frameworks/CoreData.framework; sourceTree = SDKROOT; };
		17EDCCB21A6EDC6B00CF70FF /* CoreLocation.framework */ = {isa = PBXFileReference; lastKnownFileType = wrapper.framework; name = CoreLocation.framework; path = System/Library/Frameworks/CoreLocation.framework; sourceTree = SDKROOT; };
		17EDCCB41A6EDC7200CF70FF /* CoreText.framework */ = {isa = PBXFileReference; lastKnownFileType = wrapper.framework; name = CoreText.framework; path = System/Library/Frameworks/CoreText.framework; sourceTree = SDKROOT; };
		17EDCCB61A6EDC7900CF70FF /* GLKit.framework */ = {isa = PBXFileReference; lastKnownFileType = wrapper.framework; name = GLKit.framework; path = System/Library/Frameworks/GLKit.framework; sourceTree = SDKROOT; };
		17EDCCB81A6EDC8000CF70FF /* ImageIO.framework */ = {isa = PBXFileReference; lastKnownFileType = wrapper.framework; name = ImageIO.framework; path = System/Library/Frameworks/ImageIO.framework; sourceTree = SDKROOT; };
		17EDCCBA1A6EDC8B00CF70FF /* libc++.dylib */ = {isa = PBXFileReference; lastKnownFileType = "compiled.mach-o.dylib"; name = "libc++.dylib"; path = "usr/lib/libc++.dylib"; sourceTree = SDKROOT; };
		17EDCCBC1A6EDC9800CF70FF /* libicucore.dylib */ = {isa = PBXFileReference; lastKnownFileType = "compiled.mach-o.dylib"; name = libicucore.dylib; path = usr/lib/libicucore.dylib; sourceTree = SDKROOT; };
		17EDCCBE1A6EDCA000CF70FF /* libz.dylib */ = {isa = PBXFileReference; lastKnownFileType = "compiled.mach-o.dylib"; name = libz.dylib; path = usr/lib/libz.dylib; sourceTree = SDKROOT; };
		17EDCCC01A6EDCA700CF70FF /* OpenGLES.framework */ = {isa = PBXFileReference; lastKnownFileType = wrapper.framework; name = OpenGLES.framework; path = System/Library/Frameworks/OpenGLES.framework; sourceTree = SDKROOT; };
		17EDCCC21A6EDCAE00CF70FF /* QuartzCore.framework */ = {isa = PBXFileReference; lastKnownFileType = wrapper.framework; name = QuartzCore.framework; path = System/Library/Frameworks/QuartzCore.framework; sourceTree = SDKROOT; };
		17EDCCC41A6EDCB800CF70FF /* SystemConfiguration.framework */ = {isa = PBXFileReference; lastKnownFileType = wrapper.framework; name = SystemConfiguration.framework; path = System/Library/Frameworks/SystemConfiguration.framework; sourceTree = SDKROOT; };
		17EDCCC61A6EDDE500CF70FF /* JSONFun-Bridging-Header.h */ = {isa = PBXFileReference; lastKnownFileType = sourcecode.c.h; path = "JSONFun-Bridging-Header.h"; sourceTree = "<group>"; };
/* End PBXFileReference section */

/* Begin PBXFrameworksBuildPhase section */
		172545771A6ED6F8005CFC0D /* Frameworks */ = {
			isa = PBXFrameworksBuildPhase;
			buildActionMask = 2147483647;
			files = (
				17EDCCC51A6EDCB800CF70FF /* SystemConfiguration.framework in Frameworks */,
				17EDCCC31A6EDCAE00CF70FF /* QuartzCore.framework in Frameworks */,
				17EDCCC11A6EDCA700CF70FF /* OpenGLES.framework in Frameworks */,
				17EDCCBF1A6EDCA000CF70FF /* libz.dylib in Frameworks */,
				17EDCCBD1A6EDC9800CF70FF /* libicucore.dylib in Frameworks */,
				17EDCCBB1A6EDC8B00CF70FF /* libc++.dylib in Frameworks */,
				17EDCCB91A6EDC8000CF70FF /* ImageIO.framework in Frameworks */,
				17EDCCB71A6EDC7900CF70FF /* GLKit.framework in Frameworks */,
				17EDCCB51A6EDC7200CF70FF /* CoreText.framework in Frameworks */,
				17EDCCB31A6EDC6B00CF70FF /* CoreLocation.framework in Frameworks */,
				17EDCCB11A6EDC6400CF70FF /* CoreData.framework in Frameworks */,
				17EDCCAF1A6EDC5C00CF70FF /* AVFoundation.framework in Frameworks */,
				17EDCCAB1A6EDB1B00CF70FF /* GoogleMaps.framework in Frameworks */,
			);
			runOnlyForDeploymentPostprocessing = 0;
		};
		1725458C1A6ED6F9005CFC0D /* Frameworks */ = {
			isa = PBXFrameworksBuildPhase;
			buildActionMask = 2147483647;
			files = (
			);
			runOnlyForDeploymentPostprocessing = 0;
		};
/* End PBXFrameworksBuildPhase section */

/* Begin PBXGroup section */
		172545711A6ED6F8005CFC0D = {
			isa = PBXGroup;
			children = (
				17EDCCC41A6EDCB800CF70FF /* SystemConfiguration.framework */,
				17EDCCC21A6EDCAE00CF70FF /* QuartzCore.framework */,
				17EDCCC01A6EDCA700CF70FF /* OpenGLES.framework */,
				17EDCCBE1A6EDCA000CF70FF /* libz.dylib */,
				17EDCCBC1A6EDC9800CF70FF /* libicucore.dylib */,
				17EDCCBA1A6EDC8B00CF70FF /* libc++.dylib */,
				17EDCCB81A6EDC8000CF70FF /* ImageIO.framework */,
				17EDCCB61A6EDC7900CF70FF /* GLKit.framework */,
				17EDCCB41A6EDC7200CF70FF /* CoreText.framework */,
				17EDCCB21A6EDC6B00CF70FF /* CoreLocation.framework */,
				17EDCCB01A6EDC6400CF70FF /* CoreData.framework */,
				17EDCCAE1A6EDC5C00CF70FF /* AVFoundation.framework */,
				1725457C1A6ED6F8005CFC0D /* JSONFun */,
				172545921A6ED6F9005CFC0D /* JSONFunTests */,
				1725457B1A6ED6F8005CFC0D /* Products */,
			);
			sourceTree = "<group>";
		};
		1725457B1A6ED6F8005CFC0D /* Products */ = {
			isa = PBXGroup;
			children = (
				1725457A1A6ED6F8005CFC0D /* JSONFun.app */,
				1725458F1A6ED6F9005CFC0D /* JSONFunTests.xctest */,
			);
			name = Products;
			sourceTree = "<group>";
		};
		1725457C1A6ED6F8005CFC0D /* JSONFun */ = {
			isa = PBXGroup;
			children = (
				17EDCCAA1A6EDB1B00CF70FF /* GoogleMaps.framework */,
				17EDCCAC1A6EDB4C00CF70FF /* GoogleMaps.bundle */,
				1725457F1A6ED6F9005CFC0D /* AppDelegate.swift */,
				172545811A6ED6F9005CFC0D /* ViewController.swift */,
				172545831A6ED6F9005CFC0D /* Main.storyboard */,
				172545861A6ED6F9005CFC0D /* Images.xcassets */,
				172545881A6ED6F9005CFC0D /* LaunchScreen.xib */,
				1725457D1A6ED6F8005CFC0D /* Supporting Files */,
				17EDCCC61A6EDDE500CF70FF /* JSONFun-Bridging-Header.h */,
			);
			path = JSONFun;
			sourceTree = "<group>";
		};
		1725457D1A6ED6F8005CFC0D /* Supporting Files */ = {
			isa = PBXGroup;
			children = (
				1725457E1A6ED6F9005CFC0D /* Info.plist */,
			);
			name = "Supporting Files";
			sourceTree = "<group>";
		};
		172545921A6ED6F9005CFC0D /* JSONFunTests */ = {
			isa = PBXGroup;
			children = (
				172545951A6ED6F9005CFC0D /* JSONFunTests.swift */,
				172545931A6ED6F9005CFC0D /* Supporting Files */,
			);
			path = JSONFunTests;
			sourceTree = "<group>";
		};
		172545931A6ED6F9005CFC0D /* Supporting Files */ = {
			isa = PBXGroup;
			children = (
				172545941A6ED6F9005CFC0D /* Info.plist */,
			);
			name = "Supporting Files";
			sourceTree = "<group>";
		};
/* End PBXGroup section */

/* Begin PBXNativeTarget section */
		172545791A6ED6F8005CFC0D /* JSONFun */ = {
			isa = PBXNativeTarget;
			buildConfigurationList = 172545991A6ED6F9005CFC0D /* Build configuration list for PBXNativeTarget "JSONFun" */;
			buildPhases = (
				172545761A6ED6F8005CFC0D /* Sources */,
				172545771A6ED6F8005CFC0D /* Frameworks */,
				172545781A6ED6F8005CFC0D /* Resources */,
			);
			buildRules = (
			);
			dependencies = (
			);
			name = JSONFun;
			productName = JSONFun;
			productReference = 1725457A1A6ED6F8005CFC0D /* JSONFun.app */;
			productType = "com.apple.product-type.application";
		};
		1725458E1A6ED6F9005CFC0D /* JSONFunTests */ = {
			isa = PBXNativeTarget;
			buildConfigurationList = 1725459C1A6ED6F9005CFC0D /* Build configuration list for PBXNativeTarget "JSONFunTests" */;
			buildPhases = (
				1725458B1A6ED6F9005CFC0D /* Sources */,
				1725458C1A6ED6F9005CFC0D /* Frameworks */,
				1725458D1A6ED6F9005CFC0D /* Resources */,
			);
			buildRules = (
			);
			dependencies = (
				172545911A6ED6F9005CFC0D /* PBXTargetDependency */,
			);
			name = JSONFunTests;
			productName = JSONFunTests;
			productReference = 1725458F1A6ED6F9005CFC0D /* JSONFunTests.xctest */;
			productType = "com.apple.product-type.bundle.unit-test";
		};
/* End PBXNativeTarget section */

/* Begin PBXProject section */
		172545721A6ED6F8005CFC0D /* Project object */ = {
			isa = PBXProject;
			attributes = {
				LastUpgradeCheck = 0610;
				ORGANIZATIONNAME = "Jordan Conner";
				TargetAttributes = {
					172545791A6ED6F8005CFC0D = {
						CreatedOnToolsVersion = 6.1.1;
					};
					1725458E1A6ED6F9005CFC0D = {
						CreatedOnToolsVersion = 6.1.1;
						TestTargetID = 172545791A6ED6F8005CFC0D;
					};
				};
			};
			buildConfigurationList = 172545751A6ED6F8005CFC0D /* Build configuration list for PBXProject "JSONFun" */;
			compatibilityVersion = "Xcode 3.2";
			developmentRegion = English;
			hasScannedForEncodings = 0;
			knownRegions = (
				en,
				Base,
			);
			mainGroup = 172545711A6ED6F8005CFC0D;
			productRefGroup = 1725457B1A6ED6F8005CFC0D /* Products */;
			projectDirPath = "";
			projectRoot = "";
			targets = (
				172545791A6ED6F8005CFC0D /* JSONFun */,
				1725458E1A6ED6F9005CFC0D /* JSONFunTests */,
			);
		};
/* End PBXProject section */

/* Begin PBXResourcesBuildPhase section */
		172545781A6ED6F8005CFC0D /* Resources */ = {
			isa = PBXResourcesBuildPhase;
			buildActionMask = 2147483647;
			files = (
				172545851A6ED6F9005CFC0D /* Main.storyboard in Resources */,
				1725458A1A6ED6F9005CFC0D /* LaunchScreen.xib in Resources */,
				172545871A6ED6F9005CFC0D /* Images.xcassets in Resources */,
				17EDCCAD1A6EDB4C00CF70FF /* GoogleMaps.bundle in Resources */,
			);
			runOnlyForDeploymentPostprocessing = 0;
		};
		1725458D1A6ED6F9005CFC0D /* Resources */ = {
			isa = PBXResourcesBuildPhase;
			buildActionMask = 2147483647;
			files = (
			);
			runOnlyForDeploymentPostprocessing = 0;
		};
/* End PBXResourcesBuildPhase section */

/* Begin PBXSourcesBuildPhase section */
		172545761A6ED6F8005CFC0D /* Sources */ = {
			isa = PBXSourcesBuildPhase;
			buildActionMask = 2147483647;
			files = (
				172545821A6ED6F9005CFC0D /* ViewController.swift in Sources */,
				172545801A6ED6F9005CFC0D /* AppDelegate.swift in Sources */,
			);
			runOnlyForDeploymentPostprocessing = 0;
		};
		1725458B1A6ED6F9005CFC0D /* Sources */ = {
			isa = PBXSourcesBuildPhase;
			buildActionMask = 2147483647;
			files = (
				172545961A6ED6F9005CFC0D /* JSONFunTests.swift in Sources */,
			);
			runOnlyForDeploymentPostprocessing = 0;
		};
/* End PBXSourcesBuildPhase section */

/* Begin PBXTargetDependency section */
		172545911A6ED6F9005CFC0D /* PBXTargetDependency */ = {
			isa = PBXTargetDependency;
			target = 172545791A6ED6F8005CFC0D /* JSONFun */;
			targetProxy = 172545901A6ED6F9005CFC0D /* PBXContainerItemProxy */;
		};
/* End PBXTargetDependency section */

/* Begin PBXVariantGroup section */
		172545831A6ED6F9005CFC0D /* Main.storyboard */ = {
			isa = PBXVariantGroup;
			children = (
				172545841A6ED6F9005CFC0D /* Base */,
			);
			name = Main.storyboard;
			sourceTree = "<group>";
		};
		172545881A6ED6F9005CFC0D /* LaunchScreen.xib */ = {
			isa = PBXVariantGroup;
			children = (
				172545891A6ED6F9005CFC0D /* Base */,
			);
			name = LaunchScreen.xib;
			sourceTree = "<group>";
		};
/* End PBXVariantGroup section */

/* Begin XCBuildConfiguration section */
		172545971A6ED6F9005CFC0D /* Debug */ = {
			isa = XCBuildConfiguration;
			buildSettings = {
				ALWAYS_SEARCH_USER_PATHS = NO;
				CLANG_CXX_LANGUAGE_STANDARD = "gnu++0x";
				CLANG_CXX_LIBRARY = "libc++";
				CLANG_ENABLE_MODULES = YES;
				CLANG_ENABLE_OBJC_ARC = YES;
				CLANG_WARN_BOOL_CONVERSION = YES;
				CLANG_WARN_CONSTANT_CONVERSION = YES;
				CLANG_WARN_DIRECT_OBJC_ISA_USAGE = YES_ERROR;
				CLANG_WARN_EMPTY_BODY = YES;
				CLANG_WARN_ENUM_CONVERSION = YES;
				CLANG_WARN_INT_CONVERSION = YES;
				CLANG_WARN_OBJC_ROOT_CLASS = YES_ERROR;
				CLANG_WARN_UNREACHABLE_CODE = YES;
				CLANG_WARN__DUPLICATE_METHOD_MATCH = YES;
				"CODE_SIGN_IDENTITY[sdk=iphoneos*]" = "iPhone Developer";
				COPY_PHASE_STRIP = NO;
				ENABLE_STRICT_OBJC_MSGSEND = YES;
				GCC_C_LANGUAGE_STANDARD = gnu99;
				GCC_DYNAMIC_NO_PIC = NO;
				GCC_OPTIMIZATION_LEVEL = 0;
				GCC_PREPROCESSOR_DEFINITIONS = (
					"DEBUG=1",
					"$(inherited)",
				);
				GCC_SYMBOLS_PRIVATE_EXTERN = NO;
				GCC_WARN_64_TO_32_BIT_CONVERSION = YES;
				GCC_WARN_ABOUT_RETURN_TYPE = YES_ERROR;
				GCC_WARN_UNDECLARED_SELECTOR = YES;
				GCC_WARN_UNINITIALIZED_AUTOS = YES_AGGRESSIVE;
				GCC_WARN_UNUSED_FUNCTION = YES;
				GCC_WARN_UNUSED_VARIABLE = YES;
				IPHONEOS_DEPLOYMENT_TARGET = 8.1;
				MTL_ENABLE_DEBUG_INFO = YES;
				ONLY_ACTIVE_ARCH = YES;
				OTHER_LDFLAGS = "-ObjC";
				SDKROOT = iphoneos;
				SWIFT_OPTIMIZATION_LEVEL = "-Onone";
			};
			name = Debug;
		};
		172545981A6ED6F9005CFC0D /* Release */ = {
			isa = XCBuildConfiguration;
			buildSettings = {
				ALWAYS_SEARCH_USER_PATHS = NO;
				CLANG_CXX_LANGUAGE_STANDARD = "gnu++0x";
				CLANG_CXX_LIBRARY = "libc++";
				CLANG_ENABLE_MODULES = YES;
				CLANG_ENABLE_OBJC_ARC = YES;
				CLANG_WARN_BOOL_CONVERSION = YES;
				CLANG_WARN_CONSTANT_CONVERSION = YES;
				CLANG_WARN_DIRECT_OBJC_ISA_USAGE = YES_ERROR;
				CLANG_WARN_EMPTY_BODY = YES;
				CLANG_WARN_ENUM_CONVERSION = YES;
				CLANG_WARN_INT_CONVERSION = YES;
				CLANG_WARN_OBJC_ROOT_CLASS = YES_ERROR;
				CLANG_WARN_UNREACHABLE_CODE = YES;
				CLANG_WARN__DUPLICATE_METHOD_MATCH = YES;
				"CODE_SIGN_IDENTITY[sdk=iphoneos*]" = "iPhone Developer";
				COPY_PHASE_STRIP = YES;
				ENABLE_NS_ASSERTIONS = NO;
				ENABLE_STRICT_OBJC_MSGSEND = YES;
				GCC_C_LANGUAGE_STANDARD = gnu99;
				GCC_WARN_64_TO_32_BIT_CONVERSION = YES;
				GCC_WARN_ABOUT_RETURN_TYPE = YES_ERROR;
				GCC_WARN_UNDECLARED_SELECTOR = YES;
				GCC_WARN_UNINITIALIZED_AUTOS = YES_AGGRESSIVE;
				GCC_WARN_UNUSED_FUNCTION = YES;
				GCC_WARN_UNUSED_VARIABLE = YES;
				IPHONEOS_DEPLOYMENT_TARGET = 8.1;
				MTL_ENABLE_DEBUG_INFO = NO;
				OTHER_LDFLAGS = "-ObjC";
				SDKROOT = iphoneos;
				VALIDATE_PRODUCT = YES;
			};
			name = Release;
		};
		1725459A1A6ED6F9005CFC0D /* Debug */ = {
			isa = XCBuildConfiguration;
			buildSettings = {
				ASSETCATALOG_COMPILER_APPICON_NAME = AppIcon;
				CLANG_ENABLE_MODULES = YES;
				FRAMEWORK_SEARCH_PATHS = (
					"$(inherited)",
					"$(PROJECT_DIR)",
				);
				INFOPLIST_FILE = JSONFun/Info.plist;
				LD_RUNPATH_SEARCH_PATHS = "$(inherited) @executable_path/Frameworks";
				PRODUCT_NAME = "$(TARGET_NAME)";
				SWIFT_OBJC_BRIDGING_HEADER = "JSONFun/JSONFun-Bridging-Header.h";
				SWIFT_OPTIMIZATION_LEVEL = "-Onone";
			};
			name = Debug;
		};
		1725459B1A6ED6F9005CFC0D /* Release */ = {
			isa = XCBuildConfiguration;
			buildSettings = {
				ASSETCATALOG_COMPILER_APPICON_NAME = AppIcon;
				CLANG_ENABLE_MODULES = YES;
				FRAMEWORK_SEARCH_PATHS = (
					"$(inherited)",
					"$(PROJECT_DIR)",
				);
				INFOPLIST_FILE = JSONFun/Info.plist;
				LD_RUNPATH_SEARCH_PATHS = "$(inherited) @executable_path/Frameworks";
				PRODUCT_NAME = "$(TARGET_NAME)";
				SWIFT_OBJC_BRIDGING_HEADER = "JSONFun/JSONFun-Bridging-Header.h";
			};
			name = Release;
		};
		1725459D1A6ED6F9005CFC0D /* Debug */ = {
			isa = XCBuildConfiguration;
			buildSettings = {
				BUNDLE_LOADER = "$(TEST_HOST)";
				FRAMEWORK_SEARCH_PATHS = (
					"$(SDKROOT)/Developer/Library/Frameworks",
					"$(inherited)",
				);
				GCC_PREPROCESSOR_DEFINITIONS = (
					"DEBUG=1",
					"$(inherited)",
				);
				INFOPLIST_FILE = JSONFunTests/Info.plist;
				LD_RUNPATH_SEARCH_PATHS = "$(inherited) @executable_path/Frameworks @loader_path/Frameworks";
				PRODUCT_NAME = "$(TARGET_NAME)";
				TEST_HOST = "$(BUILT_PRODUCTS_DIR)/JSONFun.app/JSONFun";
			};
			name = Debug;
		};
		1725459E1A6ED6F9005CFC0D /* Release */ = {
			isa = XCBuildConfiguration;
			buildSettings = {
				BUNDLE_LOADER = "$(TEST_HOST)";
				FRAMEWORK_SEARCH_PATHS = (
					"$(SDKROOT)/Developer/Library/Frameworks",
					"$(inherited)",
				);
				INFOPLIST_FILE = JSONFunTests/Info.plist;
				LD_RUNPATH_SEARCH_PATHS = "$(inherited) @executable_path/Frameworks @loader_path/Frameworks";
				PRODUCT_NAME = "$(TARGET_NAME)";
				TEST_HOST = "$(BUILT_PRODUCTS_DIR)/JSONFun.app/JSONFun";
			};
			name = Release;
		};
/* End XCBuildConfiguration section */

/* Begin XCConfigurationList section */
		172545751A6ED6F8005CFC0D /* Build configuration list for PBXProject "JSONFun" */ = {
			isa = XCConfigurationList;
			buildConfigurations = (
				172545971A6ED6F9005CFC0D /* Debug */,
				172545981A6ED6F9005CFC0D /* Release */,
			);
			defaultConfigurationIsVisible = 0;
			defaultConfigurationName = Release;
		};
		172545991A6ED6F9005CFC0D /* Build configuration list for PBXNativeTarget "JSONFun" */ = {
			isa = XCConfigurationList;
			buildConfigurations = (
				1725459A1A6ED6F9005CFC0D /* Debug */,
				1725459B1A6ED6F9005CFC0D /* Release */,
			);
			defaultConfigurationIsVisible = 0;
			defaultConfigurationName = Release;
		};
		1725459C1A6ED6F9005CFC0D /* Build configuration list for PBXNativeTarget "JSONFunTests" */ = {
			isa = XCConfigurationList;
			buildConfigurations = (
				1725459D1A6ED6F9005CFC0D /* Debug */,
				1725459E1A6ED6F9005CFC0D /* Release */,
			);
			defaultConfigurationIsVisible = 0;
			defaultConfigurationName = Release;
		};
/* End XCConfigurationList section */
	};
	rootObject = 172545721A6ED6F8005CFC0D /* Project object */;
}
